
Microsoft Visual Studio Solution File, Format Version 12.00
# Visual Studio 2017
Project("{FAE04EC0-301F-11D3-BF4B-00C04F79EFBC}") = "MenuBar", "MenuBar.csproj", "{C4C665D9-7271-6F9C-2DED-9813536157A4}"
EndProject
Global
	GlobalSection(SolutionConfigurationPlatforms) = preSolution
		Debug|Any CPU = Debug|Any CPU
		Release|Any CPU = Release|Any CPU
	EndGlobalSection
	GlobalSection(ProjectConfigurationPlatforms) = postSolution
		{C4C665D9-7271-6F9C-2DED-9813536157A4}.Debug|Any CPU.ActiveCfg = Debug|Any CPU
		{C4C665D9-7271-6F9C-2DED-9813536157A4}.Debug|Any CPU.Build.0 = Debug|Any CPU
		{C4C665D9-7271-6F9C-2DED-9813536157A4}.Release|Any CPU.ActiveCfg = Release|Any CPU
		{C4C665D9-7271-6F9C-2DED-9813536157A4}.Release|Any CPU.Build.0 = Release|Any CPU
	EndGlobalSection
	GlobalSection(SolutionProperties) = preSolution
		HideSolutionNode = FALSE
	EndGlobalSection
EndGlobal
